// !$*UTF8*$!
{
	archiveVersion = 1;
	classes = {
	};
	objectVersion = 56;
	objects = {

/* Begin PBXBuildFile section */
		542501402BF8D3A300EFAE03 /* AppDelegate.swift in Sources */ = {isa = PBXBuildFile; fileRef = 5425013F2BF8D3A300EFAE03 /* AppDelegate.swift */; };
		542501422BF8D3A300EFAE03 /* SceneDelegate.swift in Sources */ = {isa = PBXBuildFile; fileRef = 542501412BF8D3A300EFAE03 /* SceneDelegate.swift */; };
		542501442BF8D3A300EFAE03 /* GameViewController.swift in Sources */ = {isa = PBXBuildFile; fileRef = 542501432BF8D3A300EFAE03 /* GameViewController.swift */; };
		542501472BF8D3A300EFAE03 /* Base in Resources */ = {isa = PBXBuildFile; fileRef = 542501462BF8D3A300EFAE03 /* Base */; };
		5425014A2BF8D3A300EFAE03 /* VideoGamesApp.xcdatamodeld in Sources */ = {isa = PBXBuildFile; fileRef = 542501482BF8D3A300EFAE03 /* VideoGamesApp.xcdatamodeld */; };
		5425014C2BF8D3A500EFAE03 /* Assets.xcassets in Resources */ = {isa = PBXBuildFile; fileRef = 5425014B2BF8D3A500EFAE03 /* Assets.xcassets */; };
		5425014F2BF8D3A500EFAE03 /* Base in Resources */ = {isa = PBXBuildFile; fileRef = 5425014E2BF8D3A500EFAE03 /* Base */; };
		542501FC2BFA22F700EFAE03 /* UITableViewCell + Extension.swift in Sources */ = {isa = PBXBuildFile; fileRef = 542501FB2BFA22F700EFAE03 /* UITableViewCell + Extension.swift */; };
		542501FE2BFA231500EFAE03 /* UITableView + Extension.swift in Sources */ = {isa = PBXBuildFile; fileRef = 542501FD2BFA231500EFAE03 /* UITableView + Extension.swift */; };
		542502002BFA235000EFAE03 /* UICollectionViewCell + Extension.swift in Sources */ = {isa = PBXBuildFile; fileRef = 542501FF2BFA235000EFAE03 /* UICollectionViewCell + Extension.swift */; };
		542502022BFA237100EFAE03 /* UICollectionView + Extension.swift in Sources */ = {isa = PBXBuildFile; fileRef = 542502012BFA237100EFAE03 /* UICollectionView + Extension.swift */; };
		542502042BFA256900EFAE03 /* ServiceManager.swift in Sources */ = {isa = PBXBuildFile; fileRef = 542502032BFA256900EFAE03 /* ServiceManager.swift */; };
		542502072BFA265700EFAE03 /* Alamofire in Frameworks */ = {isa = PBXBuildFile; productRef = 542502062BFA265700EFAE03 /* Alamofire */; };
		542502092BFA265700EFAE03 /* AlamofireDynamic in Frameworks */ = {isa = PBXBuildFile; productRef = 542502082BFA265700EFAE03 /* AlamofireDynamic */; };
		5425020B2BFA27D400EFAE03 /* GameResponse.swift in Sources */ = {isa = PBXBuildFile; fileRef = 5425020A2BFA27D400EFAE03 /* GameResponse.swift */; };
		5425021C2BFA2FB400EFAE03 /* TripleTableViewCell.swift in Sources */ = {isa = PBXBuildFile; fileRef = 5425021A2BFA2FB400EFAE03 /* TripleTableViewCell.swift */; };
		5425021D2BFA2FB400EFAE03 /* TripleTableViewCell.xib in Resources */ = {isa = PBXBuildFile; fileRef = 5425021B2BFA2FB400EFAE03 /* TripleTableViewCell.xib */; };
		542502222BFA33CB00EFAE03 /* TripleCollectionViewCell.swift in Sources */ = {isa = PBXBuildFile; fileRef = 542502202BFA33CB00EFAE03 /* TripleCollectionViewCell.swift */; };
		542502232BFA33CB00EFAE03 /* TripleCollectionViewCell.xib in Resources */ = {isa = PBXBuildFile; fileRef = 542502212BFA33CB00EFAE03 /* TripleCollectionViewCell.xib */; };
		542502262BFA3BD700EFAE03 /* AllGamesTableViewCell.swift in Sources */ = {isa = PBXBuildFile; fileRef = 542502242BFA3BD700EFAE03 /* AllGamesTableViewCell.swift */; };
		542502272BFA3BD700EFAE03 /* AllGamesTableViewCell.xib in Resources */ = {isa = PBXBuildFile; fileRef = 542502252BFA3BD700EFAE03 /* AllGamesTableViewCell.xib */; };
		54B59C2D2BFBC6B200ED3471 /* GameViewModel.swift in Sources */ = {isa = PBXBuildFile; fileRef = 54B59C2C2BFBC6B200ED3471 /* GameViewModel.swift */; };
		54B59C2F2BFC95F900ED3471 /* GameItemViewModel.swift in Sources */ = {isa = PBXBuildFile; fileRef = 54B59C2E2BFC95F900ED3471 /* GameItemViewModel.swift */; };
		54B59C322BFC965400ED3471 /* Kingfisher in Frameworks */ = {isa = PBXBuildFile; productRef = 54B59C312BFC965400ED3471 /* Kingfisher */; };
		54B59C342BFC9B9600ED3471 /* UIView + Extension.swift in Sources */ = {isa = PBXBuildFile; fileRef = 54B59C332BFC9B9600ED3471 /* UIView + Extension.swift */; };
		54B59C362BFCC55200ED3471 /* UIColor + Extension.swift in Sources */ = {isa = PBXBuildFile; fileRef = 54B59C352BFCC55200ED3471 /* UIColor + Extension.swift */; };
		54B59C3C2BFD41B800ED3471 /* DetailViewController.swift in Sources */ = {isa = PBXBuildFile; fileRef = 54B59C3B2BFD41B800ED3471 /* DetailViewController.swift */; };
		54CA0AD12BFFEBDF00790921 /* DetailResponse.swift in Sources */ = {isa = PBXBuildFile; fileRef = 54CA0AD02BFFEBDF00790921 /* DetailResponse.swift */; };
		54CA0AD52BFFED1F00790921 /* DetailViewModel.swift in Sources */ = {isa = PBXBuildFile; fileRef = 54CA0AD42BFFED1F00790921 /* DetailViewModel.swift */; };
		54CA0AD92C00C11C00790921 /* FavoriteManager.swift in Sources */ = {isa = PBXBuildFile; fileRef = 54CA0AD82C00C11C00790921 /* FavoriteManager.swift */; };
		54CA0ADE2C00CCCC00790921 /* ImageTableViewCell.swift in Sources */ = {isa = PBXBuildFile; fileRef = 54CA0ADC2C00CCCC00790921 /* ImageTableViewCell.swift */; };
		54CA0ADF2C00CCCC00790921 /* ImageTableViewCell.xib in Resources */ = {isa = PBXBuildFile; fileRef = 54CA0ADD2C00CCCC00790921 /* ImageTableViewCell.xib */; };
		54CA0AE62C00D0B100790921 /* SymbolTableViewCell.swift in Sources */ = {isa = PBXBuildFile; fileRef = 54CA0AE42C00D0B100790921 /* SymbolTableViewCell.swift */; };
		54CA0AE72C00D0B100790921 /* SymbolTableViewCell.xib in Resources */ = {isa = PBXBuildFile; fileRef = 54CA0AE52C00D0B100790921 /* SymbolTableViewCell.xib */; };
		54CA0AEA2C00D13E00790921 /* ButtonTableViewCell.swift in Sources */ = {isa = PBXBuildFile; fileRef = 54CA0AE82C00D13E00790921 /* ButtonTableViewCell.swift */; };
		54CA0AEB2C00D13E00790921 /* ButtonTableViewCell.xib in Resources */ = {isa = PBXBuildFile; fileRef = 54CA0AE92C00D13E00790921 /* ButtonTableViewCell.xib */; };
		54CA0AEE2C00D1E000790921 /* TextTableViewCell.swift in Sources */ = {isa = PBXBuildFile; fileRef = 54CA0AEC2C00D1E000790921 /* TextTableViewCell.swift */; };
		54CA0AEF2C00D1E000790921 /* TextTableViewCell.xib in Resources */ = {isa = PBXBuildFile; fileRef = 54CA0AED2C00D1E000790921 /* TextTableViewCell.xib */; };
		54CA0AF32C00D27400790921 /* NewDetailController.swift in Sources */ = {isa = PBXBuildFile; fileRef = 54CA0AF22C00D27400790921 /* NewDetailController.swift */; };
/* End PBXBuildFile section */

/* Begin PBXFileReference section */
		5425013C2BF8D3A300EFAE03 /* VideoGamesApp.app */ = {isa = PBXFileReference; explicitFileType = wrapper.application; includeInIndex = 0; path = VideoGamesApp.app; sourceTree = BUILT_PRODUCTS_DIR; };
		5425013F2BF8D3A300EFAE03 /* AppDelegate.swift */ = {isa = PBXFileReference; lastKnownFileType = sourcecode.swift; path = AppDelegate.swift; sourceTree = "<group>"; };
		542501412BF8D3A300EFAE03 /* SceneDelegate.swift */ = {isa = PBXFileReference; lastKnownFileType = sourcecode.swift; path = SceneDelegate.swift; sourceTree = "<group>"; };
		542501432BF8D3A300EFAE03 /* GameViewController.swift */ = {isa = PBXFileReference; lastKnownFileType = sourcecode.swift; path = GameViewController.swift; sourceTree = "<group>"; };
		542501462BF8D3A300EFAE03 /* Base */ = {isa = PBXFileReference; lastKnownFileType = file.storyboard; name = Base; path = Base.lproj/Main.storyboard; sourceTree = "<group>"; };
		542501492BF8D3A300EFAE03 /* VideoGamesApp.xcdatamodel */ = {isa = PBXFileReference; lastKnownFileType = wrapper.xcdatamodel; path = VideoGamesApp.xcdatamodel; sourceTree = "<group>"; };
		5425014B2BF8D3A500EFAE03 /* Assets.xcassets */ = {isa = PBXFileReference; lastKnownFileType = folder.assetcatalog; path = Assets.xcassets; sourceTree = "<group>"; };
		5425014E2BF8D3A500EFAE03 /* Base */ = {isa = PBXFileReference; lastKnownFileType = file.storyboard; name = Base; path = Base.lproj/LaunchScreen.storyboard; sourceTree = "<group>"; };
		542501502BF8D3A500EFAE03 /* Info.plist */ = {isa = PBXFileReference; lastKnownFileType = text.plist.xml; path = Info.plist; sourceTree = "<group>"; };
		542501FB2BFA22F700EFAE03 /* UITableViewCell + Extension.swift */ = {isa = PBXFileReference; lastKnownFileType = sourcecode.swift; path = "UITableViewCell + Extension.swift"; sourceTree = "<group>"; };
		542501FD2BFA231500EFAE03 /* UITableView + Extension.swift */ = {isa = PBXFileReference; lastKnownFileType = sourcecode.swift; path = "UITableView + Extension.swift"; sourceTree = "<group>"; };
		542501FF2BFA235000EFAE03 /* UICollectionViewCell + Extension.swift */ = {isa = PBXFileReference; lastKnownFileType = sourcecode.swift; path = "UICollectionViewCell + Extension.swift"; sourceTree = "<group>"; };
		542502012BFA237100EFAE03 /* UICollectionView + Extension.swift */ = {isa = PBXFileReference; lastKnownFileType = sourcecode.swift; path = "UICollectionView + Extension.swift"; sourceTree = "<group>"; };
		542502032BFA256900EFAE03 /* ServiceManager.swift */ = {isa = PBXFileReference; lastKnownFileType = sourcecode.swift; path = ServiceManager.swift; sourceTree = "<group>"; };
		5425020A2BFA27D400EFAE03 /* GameResponse.swift */ = {isa = PBXFileReference; lastKnownFileType = sourcecode.swift; path = GameResponse.swift; sourceTree = "<group>"; };
		5425021A2BFA2FB400EFAE03 /* TripleTableViewCell.swift */ = {isa = PBXFileReference; lastKnownFileType = sourcecode.swift; path = TripleTableViewCell.swift; sourceTree = "<group>"; };
		5425021B2BFA2FB400EFAE03 /* TripleTableViewCell.xib */ = {isa = PBXFileReference; lastKnownFileType = file.xib; path = TripleTableViewCell.xib; sourceTree = "<group>"; };
		542502202BFA33CB00EFAE03 /* TripleCollectionViewCell.swift */ = {isa = PBXFileReference; lastKnownFileType = sourcecode.swift; path = TripleCollectionViewCell.swift; sourceTree = "<group>"; };
		542502212BFA33CB00EFAE03 /* TripleCollectionViewCell.xib */ = {isa = PBXFileReference; lastKnownFileType = file.xib; path = TripleCollectionViewCell.xib; sourceTree = "<group>"; };
		542502242BFA3BD700EFAE03 /* AllGamesTableViewCell.swift */ = {isa = PBXFileReference; lastKnownFileType = sourcecode.swift; path = AllGamesTableViewCell.swift; sourceTree = "<group>"; };
		542502252BFA3BD700EFAE03 /* AllGamesTableViewCell.xib */ = {isa = PBXFileReference; lastKnownFileType = file.xib; path = AllGamesTableViewCell.xib; sourceTree = "<group>"; };
		54B59C2C2BFBC6B200ED3471 /* GameViewModel.swift */ = {isa = PBXFileReference; lastKnownFileType = sourcecode.swift; path = GameViewModel.swift; sourceTree = "<group>"; };
		54B59C2E2BFC95F900ED3471 /* GameItemViewModel.swift */ = {isa = PBXFileReference; lastKnownFileType = sourcecode.swift; path = GameItemViewModel.swift; sourceTree = "<group>"; };
		54B59C332BFC9B9600ED3471 /* UIView + Extension.swift */ = {isa = PBXFileReference; lastKnownFileType = sourcecode.swift; path = "UIView + Extension.swift"; sourceTree = "<group>"; };
		54B59C352BFCC55200ED3471 /* UIColor + Extension.swift */ = {isa = PBXFileReference; lastKnownFileType = sourcecode.swift; path = "UIColor + Extension.swift"; sourceTree = "<group>"; };
		54B59C3B2BFD41B800ED3471 /* DetailViewController.swift */ = {isa = PBXFileReference; lastKnownFileType = sourcecode.swift; path = DetailViewController.swift; sourceTree = "<group>"; };
		54CA0AD02BFFEBDF00790921 /* DetailResponse.swift */ = {isa = PBXFileReference; lastKnownFileType = sourcecode.swift; path = DetailResponse.swift; sourceTree = "<group>"; };
		54CA0AD42BFFED1F00790921 /* DetailViewModel.swift */ = {isa = PBXFileReference; lastKnownFileType = sourcecode.swift; path = DetailViewModel.swift; sourceTree = "<group>"; };
		54CA0AD82C00C11C00790921 /* FavoriteManager.swift */ = {isa = PBXFileReference; lastKnownFileType = sourcecode.swift; path = FavoriteManager.swift; sourceTree = "<group>"; };
		54CA0ADC2C00CCCC00790921 /* ImageTableViewCell.swift */ = {isa = PBXFileReference; lastKnownFileType = sourcecode.swift; path = ImageTableViewCell.swift; sourceTree = "<group>"; };
		54CA0ADD2C00CCCC00790921 /* ImageTableViewCell.xib */ = {isa = PBXFileReference; lastKnownFileType = file.xib; path = ImageTableViewCell.xib; sourceTree = "<group>"; };
		54CA0AE42C00D0B100790921 /* SymbolTableViewCell.swift */ = {isa = PBXFileReference; lastKnownFileType = sourcecode.swift; path = SymbolTableViewCell.swift; sourceTree = "<group>"; };
		54CA0AE52C00D0B100790921 /* SymbolTableViewCell.xib */ = {isa = PBXFileReference; lastKnownFileType = file.xib; path = SymbolTableViewCell.xib; sourceTree = "<group>"; };
		54CA0AE82C00D13E00790921 /* ButtonTableViewCell.swift */ = {isa = PBXFileReference; lastKnownFileType = sourcecode.swift; path = ButtonTableViewCell.swift; sourceTree = "<group>"; };
		54CA0AE92C00D13E00790921 /* ButtonTableViewCell.xib */ = {isa = PBXFileReference; lastKnownFileType = file.xib; path = ButtonTableViewCell.xib; sourceTree = "<group>"; };
		54CA0AEC2C00D1E000790921 /* TextTableViewCell.swift */ = {isa = PBXFileReference; lastKnownFileType = sourcecode.swift; path = TextTableViewCell.swift; sourceTree = "<group>"; };
		54CA0AED2C00D1E000790921 /* TextTableViewCell.xib */ = {isa = PBXFileReference; lastKnownFileType = file.xib; path = TextTableViewCell.xib; sourceTree = "<group>"; };
		54CA0AF22C00D27400790921 /* NewDetailController.swift */ = {isa = PBXFileReference; lastKnownFileType = sourcecode.swift; path = NewDetailController.swift; sourceTree = "<group>"; };
/* End PBXFileReference section */

/* Begin PBXFrameworksBuildPhase section */
		542501392BF8D3A300EFAE03 /* Frameworks */ = {
			isa = PBXFrameworksBuildPhase;
			buildActionMask = 2147483647;
			files = (
				54B59C322BFC965400ED3471 /* Kingfisher in Frameworks */,
				542502072BFA265700EFAE03 /* Alamofire in Frameworks */,
				542502092BFA265700EFAE03 /* AlamofireDynamic in Frameworks */,
			);
			runOnlyForDeploymentPostprocessing = 0;
		};
/* End PBXFrameworksBuildPhase section */

/* Begin PBXGroup section */
		542501332BF8D3A300EFAE03 = {
			isa = PBXGroup;
			children = (
				5425013E2BF8D3A300EFAE03 /* VideoGamesApp */,
				5425013D2BF8D3A300EFAE03 /* Products */,
			);
			sourceTree = "<group>";
		};
		5425013D2BF8D3A300EFAE03 /* Products */ = {
			isa = PBXGroup;
			children = (
				5425013C2BF8D3A300EFAE03 /* VideoGamesApp.app */,
			);
			name = Products;
			sourceTree = "<group>";
		};
		5425013E2BF8D3A300EFAE03 /* VideoGamesApp */ = {
			isa = PBXGroup;
			children = (
				542501FA2BF9FF1D00EFAE03 /* Extensions */,
				542501F92BF9FEFE00EFAE03 /* Managers */,
				542501F02BF9FA3800EFAE03 /* Delegates */,
				542501F42BF9FAE800EFAE03 /* Modules */,
				542501F62BF9FB0700EFAE03 /* Controller */,
				542501F12BF9FA4E00EFAE03 /* Storyboards */,
				542501F22BF9FA6800EFAE03 /* Resources */,
				542501F32BF9FA8E00EFAE03 /* Supports */,
				542501482BF8D3A300EFAE03 /* VideoGamesApp.xcdatamodeld */,
			);
			path = VideoGamesApp;
			sourceTree = "<group>";
		};
		542501F02BF9FA3800EFAE03 /* Delegates */ = {
			isa = PBXGroup;
			children = (
				5425013F2BF8D3A300EFAE03 /* AppDelegate.swift */,
				542501412BF8D3A300EFAE03 /* SceneDelegate.swift */,
			);
			path = Delegates;
			sourceTree = "<group>";
		};
		542501F12BF9FA4E00EFAE03 /* Storyboards */ = {
			isa = PBXGroup;
			children = (
				542501452BF8D3A300EFAE03 /* Main.storyboard */,
				5425014D2BF8D3A500EFAE03 /* LaunchScreen.storyboard */,
			);
			path = Storyboards;
			sourceTree = "<group>";
		};
		542501F22BF9FA6800EFAE03 /* Resources */ = {
			isa = PBXGroup;
			children = (
				5425014B2BF8D3A500EFAE03 /* Assets.xcassets */,
			);
			path = Resources;
			sourceTree = "<group>";
		};
		542501F32BF9FA8E00EFAE03 /* Supports */ = {
			isa = PBXGroup;
			children = (
				542501502BF8D3A500EFAE03 /* Info.plist */,
			);
			path = Supports;
			sourceTree = "<group>";
		};
		542501F42BF9FAE800EFAE03 /* Modules */ = {
			isa = PBXGroup;
			children = (
				542501F52BF9FAF700EFAE03 /* Main */,
			);
			path = Modules;
			sourceTree = "<group>";
		};
		542501F52BF9FAF700EFAE03 /* Main */ = {
			isa = PBXGroup;
			children = (
				542501F82BF9FB1D00EFAE03 /* Models */,
				54CA0AD22BFFEC1E00790921 /* Views */,
				54CA0AD32BFFEC7100790921 /* ViewModels */,
				542501F72BF9FB1300EFAE03 /* Cells */,
			);
			path = Main;
			sourceTree = "<group>";
		};
		542501F62BF9FB0700EFAE03 /* Controller */ = {
			isa = PBXGroup;
			children = (
			);
			path = Controller;
			sourceTree = "<group>";
		};
		542501F72BF9FB1300EFAE03 /* Cells */ = {
			isa = PBXGroup;
			children = (
				54CA0ADB2C00CCAA00790921 /* DetailTableViewCells */,
				54CA0ADA2C00CC9400790921 /* GameTableViewCells */,
			);
			path = Cells;
			sourceTree = "<group>";
		};
		542501F82BF9FB1D00EFAE03 /* Models */ = {
			isa = PBXGroup;
			children = (
				5425020A2BFA27D400EFAE03 /* GameResponse.swift */,
				54CA0AD02BFFEBDF00790921 /* DetailResponse.swift */,
			);
			path = Models;
			sourceTree = "<group>";
		};
		542501F92BF9FEFE00EFAE03 /* Managers */ = {
			isa = PBXGroup;
			children = (
				542502032BFA256900EFAE03 /* ServiceManager.swift */,
				54CA0AD82C00C11C00790921 /* FavoriteManager.swift */,
			);
			path = Managers;
			sourceTree = "<group>";
		};
		542501FA2BF9FF1D00EFAE03 /* Extensions */ = {
			isa = PBXGroup;
			children = (
				542501FB2BFA22F700EFAE03 /* UITableViewCell + Extension.swift */,
				542501FD2BFA231500EFAE03 /* UITableView + Extension.swift */,
				542501FF2BFA235000EFAE03 /* UICollectionViewCell + Extension.swift */,
				542502012BFA237100EFAE03 /* UICollectionView + Extension.swift */,
				54B59C332BFC9B9600ED3471 /* UIView + Extension.swift */,
				54B59C352BFCC55200ED3471 /* UIColor + Extension.swift */,
			);
			path = Extensions;
			sourceTree = "<group>";
		};
		54CA0AD22BFFEC1E00790921 /* Views */ = {
			isa = PBXGroup;
			children = (
				542501432BF8D3A300EFAE03 /* GameViewController.swift */,
				54B59C3B2BFD41B800ED3471 /* DetailViewController.swift */,
				54CA0AF22C00D27400790921 /* NewDetailController.swift */,
			);
			path = Views;
			sourceTree = "<group>";
		};
		54CA0AD32BFFEC7100790921 /* ViewModels */ = {
			isa = PBXGroup;
			children = (
				54B59C2C2BFBC6B200ED3471 /* GameViewModel.swift */,
				54B59C2E2BFC95F900ED3471 /* GameItemViewModel.swift */,
				54CA0AD42BFFED1F00790921 /* DetailViewModel.swift */,
			);
			path = ViewModels;
			sourceTree = "<group>";
		};
		54CA0ADA2C00CC9400790921 /* GameTableViewCells */ = {
			isa = PBXGroup;
			children = (
				5425021A2BFA2FB400EFAE03 /* TripleTableViewCell.swift */,
				5425021B2BFA2FB400EFAE03 /* TripleTableViewCell.xib */,
				542502202BFA33CB00EFAE03 /* TripleCollectionViewCell.swift */,
				542502212BFA33CB00EFAE03 /* TripleCollectionViewCell.xib */,
				542502242BFA3BD700EFAE03 /* AllGamesTableViewCell.swift */,
				542502252BFA3BD700EFAE03 /* AllGamesTableViewCell.xib */,
			);
			path = GameTableViewCells;
			sourceTree = "<group>";
		};
		54CA0ADB2C00CCAA00790921 /* DetailTableViewCells */ = {
			isa = PBXGroup;
			children = (
				54CA0ADC2C00CCCC00790921 /* ImageTableViewCell.swift */,
				54CA0ADD2C00CCCC00790921 /* ImageTableViewCell.xib */,
				54CA0AE42C00D0B100790921 /* SymbolTableViewCell.swift */,
				54CA0AE52C00D0B100790921 /* SymbolTableViewCell.xib */,
				54CA0AE82C00D13E00790921 /* ButtonTableViewCell.swift */,
				54CA0AE92C00D13E00790921 /* ButtonTableViewCell.xib */,
				54CA0AEC2C00D1E000790921 /* TextTableViewCell.swift */,
				54CA0AED2C00D1E000790921 /* TextTableViewCell.xib */,
			);
			path = DetailTableViewCells;
			sourceTree = "<group>";
		};
/* End PBXGroup section */

/* Begin PBXNativeTarget section */
		5425013B2BF8D3A300EFAE03 /* VideoGamesApp */ = {
			isa = PBXNativeTarget;
			buildConfigurationList = 542501532BF8D3A500EFAE03 /* Build configuration list for PBXNativeTarget "VideoGamesApp" */;
			buildPhases = (
				542501382BF8D3A300EFAE03 /* Sources */,
				542501392BF8D3A300EFAE03 /* Frameworks */,
				5425013A2BF8D3A300EFAE03 /* Resources */,
			);
			buildRules = (
			);
			dependencies = (
			);
			name = VideoGamesApp;
			packageProductDependencies = (
				542502062BFA265700EFAE03 /* Alamofire */,
				542502082BFA265700EFAE03 /* AlamofireDynamic */,
				54B59C312BFC965400ED3471 /* Kingfisher */,
			);
			productName = VideoGamesApp;
			productReference = 5425013C2BF8D3A300EFAE03 /* VideoGamesApp.app */;
			productType = "com.apple.product-type.application";
		};
/* End PBXNativeTarget section */

/* Begin PBXProject section */
		542501342BF8D3A300EFAE03 /* Project object */ = {
			isa = PBXProject;
			attributes = {
				BuildIndependentTargetsInParallel = 1;
				LastSwiftUpdateCheck = 1530;
				LastUpgradeCheck = 1530;
				TargetAttributes = {
					5425013B2BF8D3A300EFAE03 = {
						CreatedOnToolsVersion = 15.3;
					};
				};
			};
			buildConfigurationList = 542501372BF8D3A300EFAE03 /* Build configuration list for PBXProject "VideoGamesApp" */;
			compatibilityVersion = "Xcode 14.0";
			developmentRegion = en;
			hasScannedForEncodings = 0;
			knownRegions = (
				en,
				Base,
			);
			mainGroup = 542501332BF8D3A300EFAE03;
			packageReferences = (
				542502052BFA265700EFAE03 /* XCRemoteSwiftPackageReference "Alamofire" */,
				54B59C302BFC965400ED3471 /* XCRemoteSwiftPackageReference "Kingfisher" */,
			);
			productRefGroup = 5425013D2BF8D3A300EFAE03 /* Products */;
			projectDirPath = "";
			projectRoot = "";
			targets = (
				5425013B2BF8D3A300EFAE03 /* VideoGamesApp */,
			);
		};
/* End PBXProject section */

/* Begin PBXResourcesBuildPhase section */
		5425013A2BF8D3A300EFAE03 /* Resources */ = {
			isa = PBXResourcesBuildPhase;
			buildActionMask = 2147483647;
			files = (
				54CA0ADF2C00CCCC00790921 /* ImageTableViewCell.xib in Resources */,
				5425014C2BF8D3A500EFAE03 /* Assets.xcassets in Resources */,
				54CA0AE72C00D0B100790921 /* SymbolTableViewCell.xib in Resources */,
				54CA0AEF2C00D1E000790921 /* TextTableViewCell.xib in Resources */,
				542502232BFA33CB00EFAE03 /* TripleCollectionViewCell.xib in Resources */,
				5425014F2BF8D3A500EFAE03 /* Base in Resources */,
				542502272BFA3BD700EFAE03 /* AllGamesTableViewCell.xib in Resources */,
				54CA0AEB2C00D13E00790921 /* ButtonTableViewCell.xib in Resources */,
				542501472BF8D3A300EFAE03 /* Base in Resources */,
				5425021D2BFA2FB400EFAE03 /* TripleTableViewCell.xib in Resources */,
			);
			runOnlyForDeploymentPostprocessing = 0;
		};
/* End PBXResourcesBuildPhase section */

/* Begin PBXSourcesBuildPhase section */
		542501382BF8D3A300EFAE03 /* Sources */ = {
			isa = PBXSourcesBuildPhase;
			buildActionMask = 2147483647;
			files = (
				54CA0AF32C00D27400790921 /* NewDetailController.swift in Sources */,
				542501442BF8D3A300EFAE03 /* GameViewController.swift in Sources */,
				542502002BFA235000EFAE03 /* UICollectionViewCell + Extension.swift in Sources */,
				542502222BFA33CB00EFAE03 /* TripleCollectionViewCell.swift in Sources */,
				54CA0ADE2C00CCCC00790921 /* ImageTableViewCell.swift in Sources */,
				54CA0AD52BFFED1F00790921 /* DetailViewModel.swift in Sources */,
				542501FC2BFA22F700EFAE03 /* UITableViewCell + Extension.swift in Sources */,
				54B59C342BFC9B9600ED3471 /* UIView + Extension.swift in Sources */,
				54B59C2F2BFC95F900ED3471 /* GameItemViewModel.swift in Sources */,
				542502262BFA3BD700EFAE03 /* AllGamesTableViewCell.swift in Sources */,
				54CA0AEE2C00D1E000790921 /* TextTableViewCell.swift in Sources */,
				542501402BF8D3A300EFAE03 /* AppDelegate.swift in Sources */,
				54B59C2D2BFBC6B200ED3471 /* GameViewModel.swift in Sources */,
				54B59C3C2BFD41B800ED3471 /* DetailViewController.swift in Sources */,
				542501422BF8D3A300EFAE03 /* SceneDelegate.swift in Sources */,
				542502042BFA256900EFAE03 /* ServiceManager.swift in Sources */,
				5425014A2BF8D3A300EFAE03 /* VideoGamesApp.xcdatamodeld in Sources */,
				542502022BFA237100EFAE03 /* UICollectionView + Extension.swift in Sources */,
				54CA0AD92C00C11C00790921 /* FavoriteManager.swift in Sources */,
				5425021C2BFA2FB400EFAE03 /* TripleTableViewCell.swift in Sources */,
				54CA0AD12BFFEBDF00790921 /* DetailResponse.swift in Sources */,
				5425020B2BFA27D400EFAE03 /* GameResponse.swift in Sources */,
				54CA0AE62C00D0B100790921 /* SymbolTableViewCell.swift in Sources */,
				54CA0AEA2C00D13E00790921 /* ButtonTableViewCell.swift in Sources */,
				54B59C362BFCC55200ED3471 /* UIColor + Extension.swift in Sources */,
				542501FE2BFA231500EFAE03 /* UITableView + Extension.swift in Sources */,
			);
			runOnlyForDeploymentPostprocessing = 0;
		};
/* End PBXSourcesBuildPhase section */

/* Begin PBXVariantGroup section */
		542501452BF8D3A300EFAE03 /* Main.storyboard */ = {
			isa = PBXVariantGroup;
			children = (
				542501462BF8D3A300EFAE03 /* Base */,
			);
			name = Main.storyboard;
			sourceTree = "<group>";
		};
		5425014D2BF8D3A500EFAE03 /* LaunchScreen.storyboard */ = {
			isa = PBXVariantGroup;
			children = (
				5425014E2BF8D3A500EFAE03 /* Base */,
			);
			name = LaunchScreen.storyboard;
			sourceTree = "<group>";
		};
/* End PBXVariantGroup section */

/* Begin XCBuildConfiguration section */
		542501512BF8D3A500EFAE03 /* Debug */ = {
			isa = XCBuildConfiguration;
			buildSettings = {
				ALWAYS_SEARCH_USER_PATHS = NO;
				ASSETCATALOG_COMPILER_GENERATE_SWIFT_ASSET_SYMBOL_EXTENSIONS = YES;
				CLANG_ANALYZER_NONNULL = YES;
				CLANG_ANALYZER_NUMBER_OBJECT_CONVERSION = YES_AGGRESSIVE;
				CLANG_CXX_LANGUAGE_STANDARD = "gnu++20";
				CLANG_ENABLE_MODULES = YES;
				CLANG_ENABLE_OBJC_ARC = YES;
				CLANG_ENABLE_OBJC_WEAK = YES;
				CLANG_WARN_BLOCK_CAPTURE_AUTORELEASING = YES;
				CLANG_WARN_BOOL_CONVERSION = YES;
				CLANG_WARN_COMMA = YES;
				CLANG_WARN_CONSTANT_CONVERSION = YES;
				CLANG_WARN_DEPRECATED_OBJC_IMPLEMENTATIONS = YES;
				CLANG_WARN_DIRECT_OBJC_ISA_USAGE = YES_ERROR;
				CLANG_WARN_DOCUMENTATION_COMMENTS = YES;
				CLANG_WARN_EMPTY_BODY = YES;
				CLANG_WARN_ENUM_CONVERSION = YES;
				CLANG_WARN_INFINITE_RECURSION = YES;
				CLANG_WARN_INT_CONVERSION = YES;
				CLANG_WARN_NON_LITERAL_NULL_CONVERSION = YES;
				CLANG_WARN_OBJC_IMPLICIT_RETAIN_SELF = YES;
				CLANG_WARN_OBJC_LITERAL_CONVERSION = YES;
				CLANG_WARN_OBJC_ROOT_CLASS = YES_ERROR;
				CLANG_WARN_QUOTED_INCLUDE_IN_FRAMEWORK_HEADER = YES;
				CLANG_WARN_RANGE_LOOP_ANALYSIS = YES;
				CLANG_WARN_STRICT_PROTOTYPES = YES;
				CLANG_WARN_SUSPICIOUS_MOVE = YES;
				CLANG_WARN_UNGUARDED_AVAILABILITY = YES_AGGRESSIVE;
				CLANG_WARN_UNREACHABLE_CODE = YES;
				CLANG_WARN__DUPLICATE_METHOD_MATCH = YES;
				COPY_PHASE_STRIP = NO;
				DEBUG_INFORMATION_FORMAT = dwarf;
				ENABLE_STRICT_OBJC_MSGSEND = YES;
				ENABLE_TESTABILITY = YES;
				ENABLE_USER_SCRIPT_SANDBOXING = YES;
				GCC_C_LANGUAGE_STANDARD = gnu17;
				GCC_DYNAMIC_NO_PIC = NO;
				GCC_NO_COMMON_BLOCKS = YES;
				GCC_OPTIMIZATION_LEVEL = 0;
				GCC_PREPROCESSOR_DEFINITIONS = (
					"DEBUG=1",
					"$(inherited)",
				);
				GCC_WARN_64_TO_32_BIT_CONVERSION = YES;
				GCC_WARN_ABOUT_RETURN_TYPE = YES_ERROR;
				GCC_WARN_UNDECLARED_SELECTOR = YES;
				GCC_WARN_UNINITIALIZED_AUTOS = YES_AGGRESSIVE;
				GCC_WARN_UNUSED_FUNCTION = YES;
				GCC_WARN_UNUSED_VARIABLE = YES;
				IPHONEOS_DEPLOYMENT_TARGET = 17.4;
				LOCALIZATION_PREFERS_STRING_CATALOGS = YES;
				MTL_ENABLE_DEBUG_INFO = INCLUDE_SOURCE;
				MTL_FAST_MATH = YES;
				ONLY_ACTIVE_ARCH = YES;
				SDKROOT = iphoneos;
				SWIFT_ACTIVE_COMPILATION_CONDITIONS = "DEBUG $(inherited)";
				SWIFT_OPTIMIZATION_LEVEL = "-Onone";
			};
			name = Debug;
		};
		542501522BF8D3A500EFAE03 /* Release */ = {
			isa = XCBuildConfiguration;
			buildSettings = {
				ALWAYS_SEARCH_USER_PATHS = NO;
				ASSETCATALOG_COMPILER_GENERATE_SWIFT_ASSET_SYMBOL_EXTENSIONS = YES;
				CLANG_ANALYZER_NONNULL = YES;
				CLANG_ANALYZER_NUMBER_OBJECT_CONVERSION = YES_AGGRESSIVE;
				CLANG_CXX_LANGUAGE_STANDARD = "gnu++20";
				CLANG_ENABLE_MODULES = YES;
				CLANG_ENABLE_OBJC_ARC = YES;
				CLANG_ENABLE_OBJC_WEAK = YES;
				CLANG_WARN_BLOCK_CAPTURE_AUTORELEASING = YES;
				CLANG_WARN_BOOL_CONVERSION = YES;
				CLANG_WARN_COMMA = YES;
				CLANG_WARN_CONSTANT_CONVERSION = YES;
				CLANG_WARN_DEPRECATED_OBJC_IMPLEMENTATIONS = YES;
				CLANG_WARN_DIRECT_OBJC_ISA_USAGE = YES_ERROR;
				CLANG_WARN_DOCUMENTATION_COMMENTS = YES;
				CLANG_WARN_EMPTY_BODY = YES;
				CLANG_WARN_ENUM_CONVERSION = YES;
				CLANG_WARN_INFINITE_RECURSION = YES;
				CLANG_WARN_INT_CONVERSION = YES;
				CLANG_WARN_NON_LITERAL_NULL_CONVERSION = YES;
				CLANG_WARN_OBJC_IMPLICIT_RETAIN_SELF = YES;
				CLANG_WARN_OBJC_LITERAL_CONVERSION = YES;
				CLANG_WARN_OBJC_ROOT_CLASS = YES_ERROR;
				CLANG_WARN_QUOTED_INCLUDE_IN_FRAMEWORK_HEADER = YES;
				CLANG_WARN_RANGE_LOOP_ANALYSIS = YES;
				CLANG_WARN_STRICT_PROTOTYPES = YES;
				CLANG_WARN_SUSPICIOUS_MOVE = YES;
				CLANG_WARN_UNGUARDED_AVAILABILITY = YES_AGGRESSIVE;
				CLANG_WARN_UNREACHABLE_CODE = YES;
				CLANG_WARN__DUPLICATE_METHOD_MATCH = YES;
				COPY_PHASE_STRIP = NO;
				DEBUG_INFORMATION_FORMAT = "dwarf-with-dsym";
				ENABLE_NS_ASSERTIONS = NO;
				ENABLE_STRICT_OBJC_MSGSEND = YES;
				ENABLE_USER_SCRIPT_SANDBOXING = YES;
				GCC_C_LANGUAGE_STANDARD = gnu17;
				GCC_NO_COMMON_BLOCKS = YES;
				GCC_WARN_64_TO_32_BIT_CONVERSION = YES;
				GCC_WARN_ABOUT_RETURN_TYPE = YES_ERROR;
				GCC_WARN_UNDECLARED_SELECTOR = YES;
				GCC_WARN_UNINITIALIZED_AUTOS = YES_AGGRESSIVE;
				GCC_WARN_UNUSED_FUNCTION = YES;
				GCC_WARN_UNUSED_VARIABLE = YES;
				IPHONEOS_DEPLOYMENT_TARGET = 17.4;
				LOCALIZATION_PREFERS_STRING_CATALOGS = YES;
				MTL_ENABLE_DEBUG_INFO = NO;
				MTL_FAST_MATH = YES;
				SDKROOT = iphoneos;
				SWIFT_COMPILATION_MODE = wholemodule;
				VALIDATE_PRODUCT = YES;
			};
			name = Release;
		};
		542501542BF8D3A500EFAE03 /* Debug */ = {
			isa = XCBuildConfiguration;
			buildSettings = {
				ASSETCATALOG_COMPILER_APPICON_NAME = AppIcon;
				ASSETCATALOG_COMPILER_GLOBAL_ACCENT_COLOR_NAME = AccentColor;
				CODE_SIGN_STYLE = Automatic;
				CURRENT_PROJECT_VERSION = 1;
				GENERATE_INFOPLIST_FILE = YES;
				INFOPLIST_FILE = VideoGamesApp/Supports/Info.plist;
				INFOPLIST_KEY_UIApplicationSupportsIndirectInputEvents = YES;
				INFOPLIST_KEY_UILaunchStoryboardName = LaunchScreen;
				INFOPLIST_KEY_UIMainStoryboardFile = Main;
				INFOPLIST_KEY_UISupportedInterfaceOrientations_iPad = "UIInterfaceOrientationPortrait UIInterfaceOrientationPortraitUpsideDown UIInterfaceOrientationLandscapeLeft UIInterfaceOrientationLandscapeRight";
				INFOPLIST_KEY_UISupportedInterfaceOrientations_iPhone = "UIInterfaceOrientationPortrait UIInterfaceOrientationLandscapeLeft UIInterfaceOrientationLandscapeRight";
				LD_RUNPATH_SEARCH_PATHS = (
					"$(inherited)",
					"@executable_path/Frameworks",
				);
				MARKETING_VERSION = 1.0;
				PRODUCT_BUNDLE_IDENTIFIER = "Ceren-Uludog-an.VideoGamesApp";
				PRODUCT_NAME = "$(TARGET_NAME)";
				SWIFT_EMIT_LOC_STRINGS = YES;
				SWIFT_VERSION = 5.0;
				TARGETED_DEVICE_FAMILY = "1,2";
			};
			name = Debug;
		};
		542501552BF8D3A500EFAE03 /* Release */ = {
			isa = XCBuildConfiguration;
			buildSettings = {
				ASSETCATALOG_COMPILER_APPICON_NAME = AppIcon;
				ASSETCATALOG_COMPILER_GLOBAL_ACCENT_COLOR_NAME = AccentColor;
				CODE_SIGN_STYLE = Automatic;
				CURRENT_PROJECT_VERSION = 1;
				GENERATE_INFOPLIST_FILE = YES;
				INFOPLIST_FILE = VideoGamesApp/Supports/Info.plist;
				INFOPLIST_KEY_UIApplicationSupportsIndirectInputEvents = YES;
				INFOPLIST_KEY_UILaunchStoryboardName = LaunchScreen;
				INFOPLIST_KEY_UIMainStoryboardFile = Main;
				INFOPLIST_KEY_UISupportedInterfaceOrientations_iPad = "UIInterfaceOrientationPortrait UIInterfaceOrientationPortraitUpsideDown UIInterfaceOrientationLandscapeLeft UIInterfaceOrientationLandscapeRight";
				INFOPLIST_KEY_UISupportedInterfaceOrientations_iPhone = "UIInterfaceOrientationPortrait UIInterfaceOrientationLandscapeLeft UIInterfaceOrientationLandscapeRight";
				LD_RUNPATH_SEARCH_PATHS = (
					"$(inherited)",
					"@executable_path/Frameworks",
				);
				MARKETING_VERSION = 1.0;
				PRODUCT_BUNDLE_IDENTIFIER = "Ceren-Uludog-an.VideoGamesApp";
				PRODUCT_NAME = "$(TARGET_NAME)";
				SWIFT_EMIT_LOC_STRINGS = YES;
				SWIFT_VERSION = 5.0;
				TARGETED_DEVICE_FAMILY = "1,2";
			};
			name = Release;
		};
/* End XCBuildConfiguration section */

/* Begin XCConfigurationList section */
		542501372BF8D3A300EFAE03 /* Build configuration list for PBXProject "VideoGamesApp" */ = {
			isa = XCConfigurationList;
			buildConfigurations = (
				542501512BF8D3A500EFAE03 /* Debug */,
				542501522BF8D3A500EFAE03 /* Release */,
			);
			defaultConfigurationIsVisible = 0;
			defaultConfigurationName = Release;
		};
		542501532BF8D3A500EFAE03 /* Build configuration list for PBXNativeTarget "VideoGamesApp" */ = {
			isa = XCConfigurationList;
			buildConfigurations = (
				542501542BF8D3A500EFAE03 /* Debug */,
				542501552BF8D3A500EFAE03 /* Release */,
			);
			defaultConfigurationIsVisible = 0;
			defaultConfigurationName = Release;
		};
/* End XCConfigurationList section */

/* Begin XCRemoteSwiftPackageReference section */
		542502052BFA265700EFAE03 /* XCRemoteSwiftPackageReference "Alamofire" */ = {
			isa = XCRemoteSwiftPackageReference;
			repositoryURL = "https://github.com/Alamofire/Alamofire.git";
			requirement = {
				kind = upToNextMajorVersion;
				minimumVersion = 5.9.1;
			};
		};
		54B59C302BFC965400ED3471 /* XCRemoteSwiftPackageReference "Kingfisher" */ = {
			isa = XCRemoteSwiftPackageReference;
			repositoryURL = "https://github.com/onevcat/Kingfisher.git";
			requirement = {
				kind = upToNextMajorVersion;
				minimumVersion = 7.11.0;
			};
		};
/* End XCRemoteSwiftPackageReference section */

/* Begin XCSwiftPackageProductDependency section */
		542502062BFA265700EFAE03 /* Alamofire */ = {
			isa = XCSwiftPackageProductDependency;
			package = 542502052BFA265700EFAE03 /* XCRemoteSwiftPackageReference "Alamofire" */;
			productName = Alamofire;
		};
		542502082BFA265700EFAE03 /* AlamofireDynamic */ = {
			isa = XCSwiftPackageProductDependency;
			package = 542502052BFA265700EFAE03 /* XCRemoteSwiftPackageReference "Alamofire" */;
			productName = AlamofireDynamic;
		};
		54B59C312BFC965400ED3471 /* Kingfisher */ = {
			isa = XCSwiftPackageProductDependency;
			package = 54B59C302BFC965400ED3471 /* XCRemoteSwiftPackageReference "Kingfisher" */;
			productName = Kingfisher;
		};
/* End XCSwiftPackageProductDependency section */

/* Begin XCVersionGroup section */
		542501482BF8D3A300EFAE03 /* VideoGamesApp.xcdatamodeld */ = {
			isa = XCVersionGroup;
			children = (
				542501492BF8D3A300EFAE03 /* VideoGamesApp.xcdatamodel */,
			);
			currentVersion = 542501492BF8D3A300EFAE03 /* VideoGamesApp.xcdatamodel */;
			path = VideoGamesApp.xcdatamodeld;
			sourceTree = "<group>";
			versionGroupType = wrapper.xcdatamodel;
		};
/* End XCVersionGroup section */
	};
	rootObject = 542501342BF8D3A300EFAE03 /* Project object */;
}
